PODS:
  - Alamofire (3.5.1)
  - Crashlytics (3.8.3):
    - Fabric (~> 1.6.3)
  - Fabric (1.6.11)
  - Sparkle (1.14.0)

DEPENDENCIES:
  - Alamofire (~> 3.0)
  - Crashlytics
  - Fabric
  - Sparkle

SPEC CHECKSUMS:
  Alamofire: 0dfba1184a543e2aa160f4e39cac4e8aba48d223
  Crashlytics: 2b6dbe138a42395577cfa73dfa1aa7248cadf39e
  Fabric: 5911403591946b8228ab1c51d98f1d7137e863c6
  Sparkle: ccd95233b12a3e3d4eeb55ff01dd4c8bb8188b07

PODFILE CHECKSUM: 6039b0d2dd5e954784142a88a84341c0f0d6a11a

COCOAPODS: 1.1.1
