PODS:
  - Alamofire (3.4.1)
  - Crashlytics (3.7.3):
    - Fabric (~> 1.6.3)
  - Fabric (1.6.8)
  - Sparkle (1.14.0)

DEPENDENCIES:
  - Alamofire (~> 3.4)
  - Crashlytics
  - Fabric
  - Sparkle

SPEC CHECKSUMS:
  Alamofire: 01a82e2f6c0f860ade35534c8dd88be61bdef40c
  Crashlytics: 76f6beaff70acf226139582c09c78461597c2b98
  Fabric: 5755268d0171435ab167e3d0878a28a777deaf10
  Sparkle: ccd95233b12a3e3d4eeb55ff01dd4c8bb8188b07

PODFILE CHECKSUM: bbb0fa7eb4055e99d19f5d358480c89bb03f43e5

COCOAPODS: 1.0.1
