PODS:
  - Alamofire (4.8.0)
  - Sparkle (1.21.0)
  - SwiftLint (0.29.1)

DEPENDENCIES:
  - Alamofire
  - Sparkle
  - SwiftLint

SPEC REPOS:
  https://github.com/cocoapods/specs.git:
    - Alamofire
    - Sparkle
    - SwiftLint

SPEC CHECKSUMS:
  Alamofire: 3ec537f71edc9804815215393ae2b1a8ea33a844
  Sparkle: 24f10673813bf7c32d73ffa8a775590adefc40df
  SwiftLint: 6772320e40b52049053a518c17db9b0634a0b45a

PODFILE CHECKSUM: f9338fdf0216fe85f2481fcaaf06e5a1e0946192

COCOAPODS: 1.5.3
