// !$*UTF8*$!
{
	archiveVersion = 1;
	classes = {
	};
	objectVersion = 46;
	objects = {

/* Begin PBXBuildFile section */
		7479A6881D3815FA00580F63 /* GrandNetworkDispatch.swift in Sources */ = {isa = PBXBuildFile; fileRef = 7479A6871D3815FA00580F63 /* GrandNetworkDispatch.swift */; };
		74B467891D37C53900FD830E /* AppDelegate.swift in Sources */ = {isa = PBXBuildFile; fileRef = 74B467841D37C53900FD830E /* AppDelegate.swift */; };
		74B4678A1D37C53900FD830E /* Assets.xcassets in Resources */ = {isa = PBXBuildFile; fileRef = 74B467851D37C53900FD830E /* Assets.xcassets */; };
		74B4678C1D37C53900FD830E /* MainMenu.xib in Resources */ = {isa = PBXBuildFile; fileRef = 74B467871D37C53900FD830E /* MainMenu.xib */; };
		74B4678D1D37C53900FD830E /* MainMenuController.swift in Sources */ = {isa = PBXBuildFile; fileRef = 74B467881D37C53900FD830E /* MainMenuController.swift */; };
		CBC751E841905FA29515B1A7 /* Pods_NPOD_Downloader.framework in Frameworks */ = {isa = PBXBuildFile; fileRef = EDB09582C1E186265401AC9A /* Pods_NPOD_Downloader.framework */; };
/* End PBXBuildFile section */

/* Begin PBXFileReference section */
		503F2AF988C7A6D68E5344DB /* Pods-NPOD Downloader.debug.xcconfig */ = {isa = PBXFileReference; includeInIndex = 1; lastKnownFileType = text.xcconfig; name = "Pods-NPOD Downloader.debug.xcconfig"; path = "Pods/Target Support Files/Pods-NPOD Downloader/Pods-NPOD Downloader.debug.xcconfig"; sourceTree = "<group>"; };
		7479A6871D3815FA00580F63 /* GrandNetworkDispatch.swift */ = {isa = PBXFileReference; fileEncoding = 4; lastKnownFileType = sourcecode.swift; path = GrandNetworkDispatch.swift; sourceTree = "<group>"; };
		74B467841D37C53900FD830E /* AppDelegate.swift */ = {isa = PBXFileReference; fileEncoding = 4; lastKnownFileType = sourcecode.swift; path = AppDelegate.swift; sourceTree = "<group>"; };
		74B467851D37C53900FD830E /* Assets.xcassets */ = {isa = PBXFileReference; lastKnownFileType = folder.assetcatalog; path = Assets.xcassets; sourceTree = "<group>"; };
		74B467861D37C53900FD830E /* Info.plist */ = {isa = PBXFileReference; fileEncoding = 4; lastKnownFileType = text.plist.xml; path = Info.plist; sourceTree = "<group>"; };
		74B467871D37C53900FD830E /* MainMenu.xib */ = {isa = PBXFileReference; fileEncoding = 4; lastKnownFileType = file.xib; path = MainMenu.xib; sourceTree = "<group>"; };
		74B467881D37C53900FD830E /* MainMenuController.swift */ = {isa = PBXFileReference; fileEncoding = 4; lastKnownFileType = sourcecode.swift; path = MainMenuController.swift; sourceTree = "<group>"; usesTabs = 1; };
		74D1C6061D364CE5004DF0FE /* NPOD Downloader.app */ = {isa = PBXFileReference; explicitFileType = wrapper.application; includeInIndex = 0; path = "NPOD Downloader.app"; sourceTree = BUILT_PRODUCTS_DIR; };
		B40FC121AAB4C7EFDC20AC45 /* Pods-NPOD Downloader.release.xcconfig */ = {isa = PBXFileReference; includeInIndex = 1; lastKnownFileType = text.xcconfig; name = "Pods-NPOD Downloader.release.xcconfig"; path = "Pods/Target Support Files/Pods-NPOD Downloader/Pods-NPOD Downloader.release.xcconfig"; sourceTree = "<group>"; };
		EDB09582C1E186265401AC9A /* Pods_NPOD_Downloader.framework */ = {isa = PBXFileReference; explicitFileType = wrapper.framework; includeInIndex = 0; path = Pods_NPOD_Downloader.framework; sourceTree = BUILT_PRODUCTS_DIR; };
/* End PBXFileReference section */

/* Begin PBXFrameworksBuildPhase section */
		74D1C6031D364CE5004DF0FE /* Frameworks */ = {
			isa = PBXFrameworksBuildPhase;
			buildActionMask = 2147483647;
			files = (
				CBC751E841905FA29515B1A7 /* Pods_NPOD_Downloader.framework in Frameworks */,
			);
			runOnlyForDeploymentPostprocessing = 0;
		};
/* End PBXFrameworksBuildPhase section */

/* Begin PBXGroup section */
		14BCCBD515C0D8AC7301BD61 /* Frameworks */ = {
			isa = PBXGroup;
			children = (
				EDB09582C1E186265401AC9A /* Pods_NPOD_Downloader.framework */,
			);
			name = Frameworks;
			sourceTree = "<group>";
		};
		74B467831D37C53900FD830E /* NPOD Downloader */ = {
			isa = PBXGroup;
			children = (
				74B467841D37C53900FD830E /* AppDelegate.swift */,
				74B467881D37C53900FD830E /* MainMenuController.swift */,
				7479A6871D3815FA00580F63 /* GrandNetworkDispatch.swift */,
				74B467851D37C53900FD830E /* Assets.xcassets */,
				74B467871D37C53900FD830E /* MainMenu.xib */,
				74B467861D37C53900FD830E /* Info.plist */,
			);
			path = "NPOD Downloader";
			sourceTree = "<group>";
		};
		74D1C5FD1D364CE5004DF0FE = {
			isa = PBXGroup;
			children = (
				74B467831D37C53900FD830E /* NPOD Downloader */,
				74D1C6071D364CE5004DF0FE /* Products */,
				BB53E422AA15C2031B99F59F /* Pods */,
				14BCCBD515C0D8AC7301BD61 /* Frameworks */,
			);
			sourceTree = "<group>";
		};
		74D1C6071D364CE5004DF0FE /* Products */ = {
			isa = PBXGroup;
			children = (
				74D1C6061D364CE5004DF0FE /* NPOD Downloader.app */,
			);
			name = Products;
			sourceTree = "<group>";
		};
		BB53E422AA15C2031B99F59F /* Pods */ = {
			isa = PBXGroup;
			children = (
				503F2AF988C7A6D68E5344DB /* Pods-NPOD Downloader.debug.xcconfig */,
				B40FC121AAB4C7EFDC20AC45 /* Pods-NPOD Downloader.release.xcconfig */,
			);
			name = Pods;
			sourceTree = "<group>";
		};
/* End PBXGroup section */

/* Begin PBXNativeTarget section */
		74D1C6051D364CE5004DF0FE /* NPOD Downloader */ = {
			isa = PBXNativeTarget;
			buildConfigurationList = 74D1C6151D364CE5004DF0FE /* Build configuration list for PBXNativeTarget "NPOD Downloader" */;
			buildPhases = (
				24FAB11D7A4C1B4F5AF1D81E /* [CP] Check Pods Manifest.lock */,
				74D1C6021D364CE5004DF0FE /* Sources */,
				74D1C6031D364CE5004DF0FE /* Frameworks */,
				74D1C6041D364CE5004DF0FE /* Resources */,
				D0D5EE85EFB4A3DAE5911DA1 /* [CP] Embed Pods Frameworks */,
				7958DDEE1E041EE9E4F41C99 /* [CP] Copy Pods Resources */,
				7420939E1D3CC64900126A52 /* ShellScript */,
			);
			buildRules = (
			);
			dependencies = (
			);
			name = "NPOD Downloader";
			productName = "NOPD Downloader";
			productReference = 74D1C6061D364CE5004DF0FE /* NPOD Downloader.app */;
			productType = "com.apple.product-type.application";
		};
/* End PBXNativeTarget section */

/* Begin PBXProject section */
		74D1C5FE1D364CE5004DF0FE /* Project object */ = {
			isa = PBXProject;
			attributes = {
				LastSwiftUpdateCheck = 0730;
				LastUpgradeCheck = 0730;
				ORGANIZATIONNAME = "Giulio Lombardo";
				TargetAttributes = {
					74D1C6051D364CE5004DF0FE = {
						CreatedOnToolsVersion = 7.3.1;
					};
				};
			};
			buildConfigurationList = 74D1C6011D364CE5004DF0FE /* Build configuration list for PBXProject "NPOD Downloader" */;
			compatibilityVersion = "Xcode 3.2";
			developmentRegion = English;
			hasScannedForEncodings = 0;
			knownRegions = (
				en,
				Base,
			);
			mainGroup = 74D1C5FD1D364CE5004DF0FE;
			productRefGroup = 74D1C6071D364CE5004DF0FE /* Products */;
			projectDirPath = "";
			projectRoot = "";
			targets = (
				74D1C6051D364CE5004DF0FE /* NPOD Downloader */,
			);
		};
/* End PBXProject section */

/* Begin PBXResourcesBuildPhase section */
		74D1C6041D364CE5004DF0FE /* Resources */ = {
			isa = PBXResourcesBuildPhase;
			buildActionMask = 2147483647;
			files = (
				74B4678C1D37C53900FD830E /* MainMenu.xib in Resources */,
				74B4678A1D37C53900FD830E /* Assets.xcassets in Resources */,
			);
			runOnlyForDeploymentPostprocessing = 0;
		};
/* End PBXResourcesBuildPhase section */

/* Begin PBXShellScriptBuildPhase section */
		24FAB11D7A4C1B4F5AF1D81E /* [CP] Check Pods Manifest.lock */ = {
			isa = PBXShellScriptBuildPhase;
			buildActionMask = 2147483647;
			files = (
			);
			inputPaths = (
			);
			name = "[CP] Check Pods Manifest.lock";
			outputPaths = (
			);
			runOnlyForDeploymentPostprocessing = 0;
			shellPath = /bin/sh;
			shellScript = "diff \"${PODS_ROOT}/../Podfile.lock\" \"${PODS_ROOT}/Manifest.lock\" > /dev/null\nif [[ $? != 0 ]] ; then\n    cat << EOM\nerror: The sandbox is not in sync with the Podfile.lock. Run 'pod install' or update your CocoaPods installation.\nEOM\n    exit 1\nfi\n";
			showEnvVarsInLog = 0;
		};
		7420939E1D3CC64900126A52 /* ShellScript */ = {
			isa = PBXShellScriptBuildPhase;
			buildActionMask = 12;
			files = (
			);
			inputPaths = (
			);
			outputPaths = (
			);
			runOnlyForDeploymentPostprocessing = 0;
			shellPath = /bin/sh;
			shellScript = "\"${PODS_ROOT}/Fabric/run\" 38b278f897f4b208e8e5af7de2f5e16c8f0484d0 cc8734d8495cb3b6145d6414a34480fb6fda713b890787184a86906aad09365c";
		};
		7958DDEE1E041EE9E4F41C99 /* [CP] Copy Pods Resources */ = {
			isa = PBXShellScriptBuildPhase;
			buildActionMask = 2147483647;
			files = (
			);
			inputPaths = (
			);
			name = "[CP] Copy Pods Resources";
			outputPaths = (
			);
			runOnlyForDeploymentPostprocessing = 0;
			shellPath = /bin/sh;
			shellScript = "\"${SRCROOT}/Pods/Target Support Files/Pods-NPOD Downloader/Pods-NPOD Downloader-resources.sh\"\n";
			showEnvVarsInLog = 0;
		};
		D0D5EE85EFB4A3DAE5911DA1 /* [CP] Embed Pods Frameworks */ = {
			isa = PBXShellScriptBuildPhase;
			buildActionMask = 2147483647;
			files = (
			);
			inputPaths = (
			);
			name = "[CP] Embed Pods Frameworks";
			outputPaths = (
			);
			runOnlyForDeploymentPostprocessing = 0;
			shellPath = /bin/sh;
			shellScript = "\"${SRCROOT}/Pods/Target Support Files/Pods-NPOD Downloader/Pods-NPOD Downloader-frameworks.sh\"\n";
			showEnvVarsInLog = 0;
		};
/* End PBXShellScriptBuildPhase section */

/* Begin PBXSourcesBuildPhase section */
		74D1C6021D364CE5004DF0FE /* Sources */ = {
			isa = PBXSourcesBuildPhase;
			buildActionMask = 2147483647;
			files = (
				7479A6881D3815FA00580F63 /* GrandNetworkDispatch.swift in Sources */,
				74B467891D37C53900FD830E /* AppDelegate.swift in Sources */,
				74B4678D1D37C53900FD830E /* MainMenuController.swift in Sources */,
			);
			runOnlyForDeploymentPostprocessing = 0;
		};
/* End PBXSourcesBuildPhase section */

/* Begin XCBuildConfiguration section */
		74D1C6131D364CE5004DF0FE /* Debug */ = {
			isa = XCBuildConfiguration;
			buildSettings = {
				ALWAYS_SEARCH_USER_PATHS = NO;
				CLANG_ANALYZER_NONNULL = YES;
				CLANG_CXX_LANGUAGE_STANDARD = "gnu++0x";
				CLANG_CXX_LIBRARY = "libc++";
				CLANG_ENABLE_MODULES = YES;
				CLANG_ENABLE_OBJC_ARC = YES;
				CLANG_WARN_BOOL_CONVERSION = YES;
				CLANG_WARN_CONSTANT_CONVERSION = YES;
				CLANG_WARN_DIRECT_OBJC_ISA_USAGE = YES_ERROR;
				CLANG_WARN_EMPTY_BODY = YES;
				CLANG_WARN_ENUM_CONVERSION = YES;
				CLANG_WARN_INT_CONVERSION = YES;
				CLANG_WARN_OBJC_ROOT_CLASS = YES_ERROR;
				CLANG_WARN_UNREACHABLE_CODE = YES;
				CLANG_WARN__DUPLICATE_METHOD_MATCH = YES;
				CODE_SIGN_IDENTITY = "-";
				COPY_PHASE_STRIP = NO;
				DEBUG_INFORMATION_FORMAT = dwarf;
				ENABLE_STRICT_OBJC_MSGSEND = YES;
				ENABLE_TESTABILITY = YES;
				GCC_C_LANGUAGE_STANDARD = gnu99;
				GCC_DYNAMIC_NO_PIC = NO;
				GCC_NO_COMMON_BLOCKS = YES;
				GCC_OPTIMIZATION_LEVEL = 0;
				GCC_PREPROCESSOR_DEFINITIONS = (
					"DEBUG=1",
					"$(inherited)",
				);
				GCC_WARN_64_TO_32_BIT_CONVERSION = YES;
				GCC_WARN_ABOUT_RETURN_TYPE = YES_ERROR;
				GCC_WARN_UNDECLARED_SELECTOR = YES;
				GCC_WARN_UNINITIALIZED_AUTOS = YES_AGGRESSIVE;
				GCC_WARN_UNUSED_FUNCTION = YES;
				GCC_WARN_UNUSED_VARIABLE = YES;
				MACOSX_DEPLOYMENT_TARGET = 10.11;
				MTL_ENABLE_DEBUG_INFO = YES;
				ONLY_ACTIVE_ARCH = YES;
				SDKROOT = macosx;
				SWIFT_OPTIMIZATION_LEVEL = "-Onone";
			};
			name = Debug;
		};
		74D1C6141D364CE5004DF0FE /* Release */ = {
			isa = XCBuildConfiguration;
			buildSettings = {
				ALWAYS_SEARCH_USER_PATHS = NO;
				CLANG_ANALYZER_NONNULL = YES;
				CLANG_CXX_LANGUAGE_STANDARD = "gnu++0x";
				CLANG_CXX_LIBRARY = "libc++";
				CLANG_ENABLE_MODULES = YES;
				CLANG_ENABLE_OBJC_ARC = YES;
				CLANG_WARN_BOOL_CONVERSION = YES;
				CLANG_WARN_CONSTANT_CONVERSION = YES;
				CLANG_WARN_DIRECT_OBJC_ISA_USAGE = YES_ERROR;
				CLANG_WARN_EMPTY_BODY = YES;
				CLANG_WARN_ENUM_CONVERSION = YES;
				CLANG_WARN_INT_CONVERSION = YES;
				CLANG_WARN_OBJC_ROOT_CLASS = YES_ERROR;
				CLANG_WARN_UNREACHABLE_CODE = YES;
				CLANG_WARN__DUPLICATE_METHOD_MATCH = YES;
				CODE_SIGN_IDENTITY = "-";
				COPY_PHASE_STRIP = NO;
				DEBUG_INFORMATION_FORMAT = "dwarf-with-dsym";
				ENABLE_NS_ASSERTIONS = NO;
				ENABLE_STRICT_OBJC_MSGSEND = YES;
				GCC_C_LANGUAGE_STANDARD = gnu99;
				GCC_NO_COMMON_BLOCKS = YES;
				GCC_WARN_64_TO_32_BIT_CONVERSION = YES;
				GCC_WARN_ABOUT_RETURN_TYPE = YES_ERROR;
				GCC_WARN_UNDECLARED_SELECTOR = YES;
				GCC_WARN_UNINITIALIZED_AUTOS = YES_AGGRESSIVE;
				GCC_WARN_UNUSED_FUNCTION = YES;
				GCC_WARN_UNUSED_VARIABLE = YES;
				MACOSX_DEPLOYMENT_TARGET = 10.11;
				MTL_ENABLE_DEBUG_INFO = NO;
				SDKROOT = macosx;
			};
			name = Release;
		};
		74D1C6161D364CE5004DF0FE /* Debug */ = {
			isa = XCBuildConfiguration;
			baseConfigurationReference = 503F2AF988C7A6D68E5344DB /* Pods-NPOD Downloader.debug.xcconfig */;
			buildSettings = {
				CLANG_ANALYZER_SECURITY_FLOATLOOPCOUNTER = YES;
				CLANG_ANALYZER_SECURITY_INSECUREAPI_RAND = YES;
				CLANG_ANALYZER_SECURITY_INSECUREAPI_STRCPY = YES;
				CLANG_WARN_OBJC_EXPLICIT_OWNERSHIP_TYPE = YES;
				CLANG_WARN_OBJC_IMPLICIT_ATOMIC_PROPERTIES = YES;
				CLANG_WARN_OBJC_IMPLICIT_RETAIN_SELF = YES;
				CLANG_WARN_OBJC_REPEATED_USE_OF_WEAK = YES;
				COMBINE_HIDPI_IMAGES = YES;
				DEBUG_INFORMATION_FORMAT = "dwarf-with-dsym";
				INFOPLIST_FILE = "$(SRCROOT)/NPOD Downloader/Info.plist";
				LD_RUNPATH_SEARCH_PATHS = "$(inherited) @executable_path/../Frameworks";
				OTHER_SWIFT_FLAGS = "$(inherited) \"-D\" \"COCOAPODS\" -DDEBUG";
				PRODUCT_BUNDLE_IDENTIFIER = "domainname.NPOD-Downloader";
				PRODUCT_NAME = "NPOD Downloader";
			};
			name = Debug;
		};
		74D1C6171D364CE5004DF0FE /* Release */ = {
			isa = XCBuildConfiguration;
			baseConfigurationReference = B40FC121AAB4C7EFDC20AC45 /* Pods-NPOD Downloader.release.xcconfig */;
			buildSettings = {
				CLANG_ANALYZER_SECURITY_FLOATLOOPCOUNTER = YES;
				CLANG_ANALYZER_SECURITY_INSECUREAPI_RAND = YES;
				CLANG_ANALYZER_SECURITY_INSECUREAPI_STRCPY = YES;
				CLANG_WARN_OBJC_EXPLICIT_OWNERSHIP_TYPE = YES;
				CLANG_WARN_OBJC_IMPLICIT_ATOMIC_PROPERTIES = YES;
				CLANG_WARN_OBJC_IMPLICIT_RETAIN_SELF = YES;
				CLANG_WARN_OBJC_REPEATED_USE_OF_WEAK = YES;
				COMBINE_HIDPI_IMAGES = YES;
				GCC_OPTIMIZATION_LEVEL = fast;
				INFOPLIST_FILE = "$(SRCROOT)/NPOD Downloader/Info.plist";
				LD_RUNPATH_SEARCH_PATHS = "$(inherited) @executable_path/../Frameworks";
				OTHER_SWIFT_FLAGS = "$(inherited) \"-D\" \"COCOAPODS\" -DRELEASE";
				PRODUCT_BUNDLE_IDENTIFIER = "domainname.NPOD-Downloader";
				PRODUCT_NAME = "NPOD Downloader";
				SWIFT_OPTIMIZATION_LEVEL = "-Owholemodule";
			};
			name = Release;
		};
/* End XCBuildConfiguration section */

/* Begin XCConfigurationList section */
		74D1C6011D364CE5004DF0FE /* Build configuration list for PBXProject "NPOD Downloader" */ = {
			isa = XCConfigurationList;
			buildConfigurations = (
				74D1C6131D364CE5004DF0FE /* Debug */,
				74D1C6141D364CE5004DF0FE /* Release */,
			);
			defaultConfigurationIsVisible = 0;
			defaultConfigurationName = Release;
		};
		74D1C6151D364CE5004DF0FE /* Build configuration list for PBXNativeTarget "NPOD Downloader" */ = {
			isa = XCConfigurationList;
			buildConfigurations = (
				74D1C6161D364CE5004DF0FE /* Debug */,
				74D1C6171D364CE5004DF0FE /* Release */,
			);
			defaultConfigurationIsVisible = 0;
			defaultConfigurationName = Release;
		};
/* End XCConfigurationList section */
	};
	rootObject = 74D1C5FE1D364CE5004DF0FE /* Project object */;
}
